{
    "_readme": [
        "This file locks the dependencies of your project to a known state",
        "Read more about it at https://getcomposer.org/doc/01-basic-usage.md#composer-lock-the-lock-file",
        "This file is @generated automatically"
    ],
    "hash": "a75ee2a53e642697fa326ca47d56d54e",
    "content-hash": "b0569feed153335f55a1dd5c1b3ca2a0",
    "packages": [
        {
            "name": "kairos/phpqrcode",
            "version": "v1.0.0",
            "source": {
                "type": "git",
                "url": "https://github.com/kairosagency/phpqrcode.git",
                "reference": "6770ecbe0e8c7d806c5779ad38b20c9acf5427d9"
            },
            "dist": {
                "type": "zip",
                "url": "https://api.github.com/repos/kairosagency/phpqrcode/zipball/6770ecbe0e8c7d806c5779ad38b20c9acf5427d9",
                "reference": "6770ecbe0e8c7d806c5779ad38b20c9acf5427d9",
                "shasum": ""
            },
            "require": {
                "php": ">=4.3.10"
            },
            "type": "library",
            "autoload": {
                "files": [
                    "qrlib.php"
                ]
            },
            "notification-url": "https://packagist.org/downloads/",
            "license": [
                "LGPL"
            ],
            "authors": [
                {
                    "name": "Kairos Agency"
                }
            ],
            "description": "A PHP class to generate QR Code",
            "homepage": "http://github.com/kairosagency/phpqrcode",
            "keywords": [
                "php",
                "qrcode"
            ],
            "time": "2013-03-20 17:48:23"
        },
        {
            "name": "tiqr/tiqr-server-libphp",
            "version": "dev-master",
            "source": {
                "type": "git",
                "url": "https://github.com/SURFnet/tiqr-server-libphp.git",
                "reference": "76b7524355951c59b005117134c45cfa6396833b"
            },
            "dist": {
                "type": "zip",
                "url": "https://api.github.com/repos/SURFnet/tiqr-server-libphp/zipball/76b7524355951c59b005117134c45cfa6396833b",
                "reference": "76b7524355951c59b005117134c45cfa6396833b",
                "shasum": ""
            },
            "require": {
                "ext-gd": "*",
                "kairos/phpqrcode": "~1.0",
                "zendframework/zendframework1": "~1.12"
            },
            "type": "library",
            "notification-url": "https://packagist.org/downloads/",
            "license": [
                "BSD-3-Clause"
            ],
            "description": "php library for tiqr authentication.",
            "time": "2015-09-17 16:29:50"
        },
        {
            "name": "zendframework/zendframework1",
            "version": "1.12.20",
            "source": {
                "type": "git",
                "url": "https://github.com/zendframework/zf1.git",
                "reference": "737ef159654fbbef37cf9af742b2c8f9690c2ece"
            },
            "dist": {
                "type": "zip",
                "url": "https://api.github.com/repos/zendframework/zf1/zipball/737ef159654fbbef37cf9af742b2c8f9690c2ece",
                "reference": "737ef159654fbbef37cf9af742b2c8f9690c2ece",
                "shasum": ""
            },
            "require": {
                "php": ">=5.2.11"
            },
            "require-dev": {
                "phpunit/dbunit": "1.3.*",
                "phpunit/phpunit": "3.7.*"
            },
            "type": "library",
            "extra": {
                "branch-alias": {
                    "dev-master": "1.12.x-dev"
                }
            },
            "autoload": {
                "psr-0": {
                    "Zend_": "library/"
                }
            },
            "notification-url": "https://packagist.org/downloads/",
            "include-path": [
                "library/"
            ],
            "license": [
                "BSD-3-Clause"
            ],
            "description": "Zend Framework 1",
            "homepage": "http://framework.zend.com/",
            "keywords": [
                "ZF1",
                "framework"
            ],
            "time": "2016-09-08 14:50:34"
        }
    ],
    "packages-dev": [],
    "aliases": [],
    "minimum-stability": "stable",
    "stability-flags": {
        "tiqr/tiqr-server-libphp": 20
    },
    "prefer-stable": false,
    "prefer-lowest": false,
    "platform": [],
    "platform-dev": []
}
